
Microsoft Visual Studio Solution File, Format Version 12.00
# Visual Studio Version 17
VisualStudioVersion = 17.6.33801.468
MinimumVisualStudioVersion = 10.0.40219.1
Project("{FAE04EC0-301F-11D3-BF4B-00C04F79EFBC}") = "TraversalTourProject.EntityLayer", "TraversalTourProject.EntityLayer\TraversalTourProject.EntityLayer.csproj", "{1566E427-2EB6-4249-A0F6-94A9EC98BBB5}"
EndProject
Project("{FAE04EC0-301F-11D3-BF4B-00C04F79EFBC}") = "TraversalTourProject.BusinessLayer", "TraversalTourProject.BusinessLayer\TraversalTourProject.BusinessLayer.csproj", "{D49BF39C-C1B4-4D4F-8E76-AAD9CCC43AC0}"
EndProject
Project("{FAE04EC0-301F-11D3-BF4B-00C04F79EFBC}") = "TraversalTourProject.DataAccessLayer", "TraversalTourProject.DataAccessLayer\TraversalTourProject.DataAccessLayer.csproj", "{B136F7B8-0605-4AD8-B6BE-6774560C7D36}"
EndProject
Project("{FAE04EC0-301F-11D3-BF4B-00C04F79EFBC}") = "TraversalTourProject.Presentation", "TraversalTourProject.Presentation\TraversalTourProject.Presentation.csproj", "{1EC7079F-12C3-4487-A1A0-3E4DEF9FCACB}"
EndProject
Project("{FAE04EC0-301F-11D3-BF4B-00C04F79EFBC}") = "TraversalTourProject.DtoLayer", "TraversalTourProject.DtoLayer\TraversalTourProject.DtoLayer.csproj", "{C2328198-42B5-427F-A4A1-B2A30B986FA1}"
EndProject
Global
	GlobalSection(SolutionConfigurationPlatforms) = preSolution
		Debug|Any CPU = Debug|Any CPU
		Release|Any CPU = Release|Any CPU
	EndGlobalSection
	GlobalSection(ProjectConfigurationPlatforms) = postSolution
		{1566E427-2EB6-4249-A0F6-94A9EC98BBB5}.Debug|Any CPU.ActiveCfg = Debug|Any CPU
		{1566E427-2EB6-4249-A0F6-94A9EC98BBB5}.Debug|Any CPU.Build.0 = Debug|Any CPU
		{1566E427-2EB6-4249-A0F6-94A9EC98BBB5}.Release|Any CPU.ActiveCfg = Release|Any CPU
		{1566E427-2EB6-4249-A0F6-94A9EC98BBB5}.Release|Any CPU.Build.0 = Release|Any CPU
		{D49BF39C-C1B4-4D4F-8E76-AAD9CCC43AC0}.Debug|Any CPU.ActiveCfg = Debug|Any CPU
		{D49BF39C-C1B4-4D4F-8E76-AAD9CCC43AC0}.Debug|Any CPU.Build.0 = Debug|Any CPU
		{D49BF39C-C1B4-4D4F-8E76-AAD9CCC43AC0}.Release|Any CPU.ActiveCfg = Release|Any CPU
		{D49BF39C-C1B4-4D4F-8E76-AAD9CCC43AC0}.Release|Any CPU.Build.0 = Release|Any CPU
		{B136F7B8-0605-4AD8-B6BE-6774560C7D36}.Debug|Any CPU.ActiveCfg = Debug|Any CPU
		{B136F7B8-0605-4AD8-B6BE-6774560C7D36}.Debug|Any CPU.Build.0 = Debug|Any CPU
		{B136F7B8-0605-4AD8-B6BE-6774560C7D36}.Release|Any CPU.ActiveCfg = Release|Any CPU
		{B136F7B8-0605-4AD8-B6BE-6774560C7D36}.Release|Any CPU.Build.0 = Release|Any CPU
		{1EC7079F-12C3-4487-A1A0-3E4DEF9FCACB}.Debug|Any CPU.ActiveCfg = Debug|Any CPU
		{1EC7079F-12C3-4487-A1A0-3E4DEF9FCACB}.Debug|Any CPU.Build.0 = Debug|Any CPU
		{1EC7079F-12C3-4487-A1A0-3E4DEF9FCACB}.Release|Any CPU.ActiveCfg = Release|Any CPU
		{1EC7079F-12C3-4487-A1A0-3E4DEF9FCACB}.Release|Any CPU.Build.0 = Release|Any CPU
		{C2328198-42B5-427F-A4A1-B2A30B986FA1}.Debug|Any CPU.ActiveCfg = Debug|Any CPU
		{C2328198-42B5-427F-A4A1-B2A30B986FA1}.Debug|Any CPU.Build.0 = Debug|Any CPU
		{C2328198-42B5-427F-A4A1-B2A30B986FA1}.Release|Any CPU.ActiveCfg = Release|Any CPU
		{C2328198-42B5-427F-A4A1-B2A30B986FA1}.Release|Any CPU.Build.0 = Release|Any CPU
	EndGlobalSection
	GlobalSection(SolutionProperties) = preSolution
		HideSolutionNode = FALSE
	EndGlobalSection
	GlobalSection(ExtensibilityGlobals) = postSolution
		SolutionGuid = {92D067DB-2D47-4CFE-9FC3-918518186957}
	EndGlobalSection
EndGlobal
